<?xml version="1.0" encoding="utf-8"?>
<Project ToolsVersion="4.0" xmlns="http://schemas.microsoft.com/developer/msbuild/2003">
  <ItemGroup>
    <FxCompile Include="BoxBlur_ps.hlsl">
      <Filter>Shaders</Filter>
    </FxCompile>
    <FxCompile Include="BoxBlur_vs.hlsl">
      <Filter>Shaders</Filter>
    </FxCompile>
    <FxCompile Include="shaders\horizontalBlur_ps.hlsl">
      <Filter>Shaders</Filter>
    </FxCompile>
    <FxCompile Include="shaders\horizontalBlur_vs.hlsl">
      <Filter>Shaders</Filter>
    </FxCompile>
    <FxCompile Include="shaders\light_ps.hlsl">
      <Filter>Shaders</Filter>
    </FxCompile>
    <FxCompile Include="shaders\light_vs.hlsl">
      <Filter>Shaders</Filter>
    </FxCompile>
    <FxCompile Include="shaders\texture_ps.hlsl">
      <Filter>Shaders</Filter>
    </FxCompile>
    <FxCompile Include="shaders\texture_vs.hlsl">
      <Filter>Shaders</Filter>
    </FxCompile>
    <FxCompile Include="shaders\verticalBlur_ps.hlsl">
      <Filter>Shaders</Filter>
    </FxCompile>
    <FxCompile Include="shaders\verticalBlur_vs.hlsl">
      <Filter>Shaders</Filter>
    </FxCompile>
    <FxCompile Include="shaders\basic_dissolve_ps.hlsl">
      <Filter>Shaders</Filter>
    </FxCompile>
    <FxCompile Include="shaders\basic_dissolve_vs.hlsl">
      <Filter>Shaders</Filter>
    </FxCompile>
  </ItemGroup>
  <ItemGroup>
    <ClCompile Include="BlurShader.cpp" />
    <ClCompile Include="HorizontalBlurShader.cpp" />
    <ClCompile Include="LightShader.cpp" />
    <ClCompile Include="main.cpp" />
    <ClCompile Include="TextureShader.cpp" />
    <ClCompile Include="VerticalBlurShader.cpp" />
    <ClCompile Include="AppDissolve.cpp" />
    <ClCompile Include="DissolveShader.cpp" />
  </ItemGroup>
  <ItemGroup>
    <ClInclude Include="BlurShader.h" />
    <ClInclude Include="HorizontalBlurShader.h" />
    <ClInclude Include="LightShader.h" />
    <ClInclude Include="TextureShader.h" />
    <ClInclude Include="VerticalBlurShader.h" />
    <ClInclude Include="AppDissolve.h" />
    <ClInclude Include="DissolveShader.h" />
  </ItemGroup>
  <ItemGroup>
    <Filter Include="Shaders">
      <UniqueIdentifier>{f0074b90-3470-44d4-a4e2-5deea02dcc07}</UniqueIdentifier>
    </Filter>
  </ItemGroup>
</Project>