<?xml version="1.0" encoding="utf-8"?>
<Project ToolsVersion="4.0" xmlns="http://schemas.microsoft.com/developer/msbuild/2003">
  <ItemGroup>
    <FxCompile Include="shaders\basic_dissolve_ps.hlsl">
      <Filter>Shaders</Filter>
    </FxCompile>
    <FxCompile Include="shaders\basic_dissolve_vs.hlsl">
      <Filter>Shaders</Filter>
    </FxCompile>
    <FxCompile Include="BoxBlur_ps.hlsl">
      <Filter>Shaders</Filter>
    </FxCompile>
    <FxCompile Include="BoxBlur_vs.hlsl">
      <Filter>Shaders</Filter>
    </FxCompile>
    <FxCompile Include="shaders\depth_ps.hlsl">
      <Filter>Shaders</Filter>
    </FxCompile>
    <FxCompile Include="shaders\depth_vs.hlsl">
      <Filter>Shaders</Filter>
    </FxCompile>
    <FxCompile Include="shaders\GeometryShader_gs.hlsl">
      <Filter>Shaders</Filter>
    </FxCompile>
    <FxCompile Include="shaders\GeometryShader_ps.hlsl">
      <Filter>Shaders</Filter>
    </FxCompile>
    <FxCompile Include="shaders\GeometryShader_vs.hlsl">
      <Filter>Shaders</Filter>
    </FxCompile>
    <FxCompile Include="shaders\horizontalBlur_ps.hlsl">
      <Filter>Shaders</Filter>
    </FxCompile>
    <FxCompile Include="shaders\horizontalBlur_vs.hlsl">
      <Filter>Shaders</Filter>
    </FxCompile>
    <FxCompile Include="shaders\light_ps.hlsl">
      <Filter>Shaders</Filter>
    </FxCompile>
    <FxCompile Include="shaders\light_vs.hlsl">
      <Filter>Shaders</Filter>
    </FxCompile>
    <FxCompile Include="shaders\shadow_ps.hlsl">
      <Filter>Shaders</Filter>
    </FxCompile>
    <FxCompile Include="shaders\shadow_vs.hlsl">
      <Filter>Shaders</Filter>
    </FxCompile>
    <FxCompile Include="shaders\tessellation_ds.hlsl">
      <Filter>Shaders</Filter>
    </FxCompile>
    <FxCompile Include="shaders\tessellation_hs.hlsl">
      <Filter>Shaders</Filter>
    </FxCompile>
    <FxCompile Include="shaders\tessellation_ps.hlsl">
      <Filter>Shaders</Filter>
    </FxCompile>
    <FxCompile Include="shaders\tessellation_vs.hlsl">
      <Filter>Shaders</Filter>
    </FxCompile>
    <FxCompile Include="shaders\texture_ps.hlsl">
      <Filter>Shaders</Filter>
    </FxCompile>
    <FxCompile Include="shaders\texture_vs.hlsl">
      <Filter>Shaders</Filter>
    </FxCompile>
    <FxCompile Include="shaders\verticalBlur_ps.hlsl">
      <Filter>Shaders</Filter>
    </FxCompile>
    <FxCompile Include="shaders\verticalBlur_vs.hlsl">
      <Filter>Shaders</Filter>
    </FxCompile>
    <FxCompile Include="shaders\Manipulation_ps.hlsl">
      <Filter>Shaders</Filter>
    </FxCompile>
    <FxCompile Include="shaders\Manipulation_vs.hlsl">
      <Filter>Shaders</Filter>
    </FxCompile>
    <FxCompile Include="shaders\Analglyph_ps.hlsl">
      <Filter>Shaders</Filter>
    </FxCompile>
    <FxCompile Include="shaders\Analglyph_vs.hlsl">
      <Filter>Shaders</Filter>
    </FxCompile>
  </ItemGroup>
  <ItemGroup>
    <ClCompile Include="main.cpp" />
    <ClCompile Include="GeometryShader.cpp">
      <Filter>ShaderClasses</Filter>
    </ClCompile>
    <ClCompile Include="AppCoursework.cpp" />
    <ClCompile Include="DissolveShader.cpp">
      <Filter>ShaderClasses\Completed</Filter>
    </ClCompile>
    <ClCompile Include="TextureShader.cpp">
      <Filter>ShaderClasses\Completed</Filter>
    </ClCompile>
    <ClCompile Include="LightShader.cpp">
      <Filter>ShaderClasses\Completed</Filter>
    </ClCompile>
    <ClCompile Include="PostProcessor.cpp" />
    <ClCompile Include="BlurShader.cpp">
      <Filter>ShaderClasses\Completed</Filter>
    </ClCompile>
    <ClCompile Include="DepthShader.cpp">
      <Filter>ShaderClasses\Completed</Filter>
    </ClCompile>
    <ClCompile Include="HorizontalBlurShader.cpp">
      <Filter>ShaderClasses\Completed</Filter>
    </ClCompile>
    <ClCompile Include="ManipulationShader.cpp">
      <Filter>ShaderClasses\Completed</Filter>
    </ClCompile>
    <ClCompile Include="ShadowShader.cpp">
      <Filter>ShaderClasses\Completed</Filter>
    </ClCompile>
    <ClCompile Include="TessellationShader.cpp">
      <Filter>ShaderClasses\Completed</Filter>
    </ClCompile>
    <ClCompile Include="VerticalBlurShader.cpp">
      <Filter>ShaderClasses\Completed</Filter>
    </ClCompile>
    <ClCompile Include="DoubleTextureShader.cpp">
      <Filter>ShaderClasses</Filter>
    </ClCompile>
  </ItemGroup>
  <ItemGroup>
    <ClInclude Include="GeometryShader.h">
      <Filter>ShaderClasses</Filter>
    </ClInclude>
    <ClInclude Include="AppCoursework.h" />
    <ClInclude Include="DissolveShader.h">
      <Filter>ShaderClasses\Completed</Filter>
    </ClInclude>
    <ClInclude Include="TextureShader.h">
      <Filter>ShaderClasses\Completed</Filter>
    </ClInclude>
    <ClInclude Include="LightShader.h">
      <Filter>ShaderClasses\Completed</Filter>
    </ClInclude>
    <ClInclude Include="PostProcessor.h" />
    <ClInclude Include="BlurShader.h">
      <Filter>ShaderClasses\Completed</Filter>
    </ClInclude>
    <ClInclude Include="DepthShader.h">
      <Filter>ShaderClasses\Completed</Filter>
    </ClInclude>
    <ClInclude Include="HorizontalBlurShader.h">
      <Filter>ShaderClasses\Completed</Filter>
    </ClInclude>
    <ClInclude Include="ManipulationShader.h">
      <Filter>ShaderClasses\Completed</Filter>
    </ClInclude>
    <ClInclude Include="ShadowShader.h">
      <Filter>ShaderClasses\Completed</Filter>
    </ClInclude>
    <ClInclude Include="TessellationShader.h">
      <Filter>ShaderClasses\Completed</Filter>
    </ClInclude>
    <ClInclude Include="VerticalBlurShader.h">
      <Filter>ShaderClasses\Completed</Filter>
    </ClInclude>
    <ClInclude Include="DoubleTextureShader.h">
      <Filter>ShaderClasses</Filter>
    </ClInclude>
  </ItemGroup>
  <ItemGroup>
    <Filter Include="Shaders">
      <UniqueIdentifier>{bebe4532-0d58-4249-84c4-8b38126b65c7}</UniqueIdentifier>
    </Filter>
    <Filter Include="ShaderClasses">
      <UniqueIdentifier>{c3d076ed-37e3-4128-8a21-c47a465b2435}</UniqueIdentifier>
    </Filter>
    <Filter Include="ShaderClasses\Completed">
      <UniqueIdentifier>{e3fe78bf-e170-412b-86f6-452116547436}</UniqueIdentifier>
    </Filter>
  </ItemGroup>
</Project>